// !$*UTF8*$!
{
	archiveVersion = 1;
	classes = {
	};
	objectVersion = 54;
	objects = {

/* Begin PBXAggregateTarget section */
		96C747C26BF333E445E1962F /* ZERO_CHECK */ = {
			isa = PBXAggregateTarget;
			buildConfigurationList = E1C4A4BC79CD4750A8A6C6CA /* Build configuration list for PBXAggregateTarget "ZERO_CHECK" */;
			buildPhases = (
				4646F1DE2CF2F01DF3EA254E /* Generate CMakeFiles/ZERO_CHECK */,
			);
			dependencies = (
			);
			name = ZERO_CHECK;
			productName = ZERO_CHECK;
		};
		EF93432C9FE4F46FAEFD4D18 /* ALL_BUILD */ = {
			isa = PBXAggregateTarget;
			buildConfigurationList = 2F6B169C99F343538CCF5742 /* Build configuration list for PBXAggregateTarget "ALL_BUILD" */;
			buildPhases = (
				7536B1B17EE161279CAB740E /* Generate CMakeFiles/ALL_BUILD */,
			);
			dependencies = (
				A443047E806D4C8F85FAD45C /* PBXTargetDependency */,
				45E2A2122F374E70A2CB7869 /* PBXTargetDependency */,
			);
			name = ALL_BUILD;
			productName = ALL_BUILD;
		};
/* End PBXAggregateTarget section */

/* Begin PBXBuildFile section */
		05A44BDC4D964825A854AA2C /* scanner.c in Sources */ = {isa = PBXBuildFile; fileRef = 16B4B90BBF754B5BAA19D35E /* scanner.c */; };
		18D6679E28CC456CBF93AA15 /* markymark.c in Sources */ = {isa = PBXBuildFile; fileRef = 6109CED4C26D4495AFF4A3E8 /* markymark.c */; };
		74684F8A576A4946830AACB1 /* parser.c in Sources */ = {isa = PBXBuildFile; fileRef = 395D2D20F8E0474088965043 /* parser.c */; };
		9CF70B5D23174A3EAF79756A /* markup.c in Sources */ = {isa = PBXBuildFile; fileRef = 966AB425265C4E35A46AB641 /* markup.c */; };
		B36BC7D2BE7546058A60AE22 /* main.c in Sources */ = {isa = PBXBuildFile; fileRef = CD55D5B04D36431AA1A90778 /* main.c */; };
/* End PBXBuildFile section */

/* Begin PBXContainerItemProxy section */
		B7F5A4F77E5646919567CF58 /* PBXContainerItemProxy */ = {
			isa = PBXContainerItemProxy;
			containerPortal = BFD2960D0AD64B95B1602B8F /* Project object */;
			proxyType = 1;
			remoteGlobalIDString = DEAF0B2DC53C6B1633F66416;
			remoteInfo = markymark;
		};
		E754D4F1658F445FBD32F3BC /* PBXContainerItemProxy */ = {
			isa = PBXContainerItemProxy;
			containerPortal = BFD2960D0AD64B95B1602B8F /* Project object */;
			proxyType = 1;
			remoteGlobalIDString = 96C747C26BF333E445E1962F;
			remoteInfo = ZERO_CHECK;
		};
		E76E252874814E659673BBC0 /* PBXContainerItemProxy */ = {
			isa = PBXContainerItemProxy;
			containerPortal = BFD2960D0AD64B95B1602B8F /* Project object */;
			proxyType = 1;
			remoteGlobalIDString = 96C747C26BF333E445E1962F;
			remoteInfo = ZERO_CHECK;
		};
/* End PBXContainerItemProxy section */

/* Begin PBXFileReference section */
		0A2FA0D6F88C4F51A0984D83 /* CMakeLists.txt */ = {isa = PBXFileReference; explicitFileType = sourcecode.text; fileEncoding = 4; lastKnownFileType = text; path = CMakeLists.txt; sourceTree = SOURCE_ROOT; };
		16B4B90BBF754B5BAA19D35E /* scanner.c */ = {isa = PBXFileReference; explicitFileType = sourcecode.c.c; fileEncoding = 4; name = scanner.c; path = src/scanner.c; sourceTree = SOURCE_ROOT; };
		18FE2790436A4E8DB10267BE /* parser.h */ = {isa = PBXFileReference; explicitFileType = sourcecode.c.h; fileEncoding = 4; name = parser.h; path = include/parser.h; sourceTree = SOURCE_ROOT; };
		395D2D20F8E0474088965043 /* parser.c */ = {isa = PBXFileReference; explicitFileType = sourcecode.c.c; fileEncoding = 4; name = parser.c; path = src/parser.c; sourceTree = SOURCE_ROOT; };
		48A5809E2EC3E6840067C346 /* test.md */ = {isa = PBXFileReference; lastKnownFileType = net.daringfireball.markdown; path = test.md; sourceTree = "<group>"; };
		48A5809F2EC4C54A0067C346 /* index.html */ = {isa = PBXFileReference; lastKnownFileType = text.html; path = index.html; sourceTree = "<group>"; };
		48A580A02EC4C54A0067C346 /* README.md */ = {isa = PBXFileReference; lastKnownFileType = net.daringfireball.markdown; path = README.md; sourceTree = "<group>"; };
		4A57DAD1C9C743D194435628 /* markymark */ = {isa = PBXFileReference; explicitFileType = "compiled.mach-o.executable"; path = markymark; sourceTree = BUILT_PRODUCTS_DIR; };
		6109CED4C26D4495AFF4A3E8 /* markymark.c */ = {isa = PBXFileReference; explicitFileType = sourcecode.c.c; fileEncoding = 4; name = markymark.c; path = src/markymark.c; sourceTree = SOURCE_ROOT; };
		8E88F216B9564A1A821B9C69 /* CMakeLists.txt */ = {isa = PBXFileReference; explicitFileType = sourcecode.text; fileEncoding = 4; lastKnownFileType = text; path = CMakeLists.txt; sourceTree = SOURCE_ROOT; };
		966AB425265C4E35A46AB641 /* markup.c */ = {isa = PBXFileReference; explicitFileType = sourcecode.c.c; fileEncoding = 4; name = markup.c; path = src/markup.c; sourceTree = SOURCE_ROOT; };
		A5B715F2A0E64CD8BD25A8DE /* scanner.h */ = {isa = PBXFileReference; explicitFileType = sourcecode.c.h; fileEncoding = 4; name = scanner.h; path = include/scanner.h; sourceTree = SOURCE_ROOT; };
		CADA25DC325A458C8CDDBEDE /* markymark.h */ = {isa = PBXFileReference; explicitFileType = sourcecode.c.h; fileEncoding = 4; name = markymark.h; path = include/markymark.h; sourceTree = SOURCE_ROOT; };
		CD55D5B04D36431AA1A90778 /* main.c */ = {isa = PBXFileReference; explicitFileType = sourcecode.c.c; fileEncoding = 4; name = main.c; path = src/main.c; sourceTree = SOURCE_ROOT; };
		E6E931D1961C4E448C96CBB1 /* markup.h */ = {isa = PBXFileReference; explicitFileType = sourcecode.c.h; fileEncoding = 4; name = markup.h; path = include/markup.h; sourceTree = SOURCE_ROOT; };
		EBDF630A38BF4798B8C799DD /* token.h */ = {isa = PBXFileReference; explicitFileType = sourcecode.c.h; fileEncoding = 4; name = token.h; path = include/token.h; sourceTree = SOURCE_ROOT; };
/* End PBXFileReference section */

/* Begin PBXFrameworksBuildPhase section */
		91062184C24D45ECB3EB57AE /* Frameworks */ = {
			isa = PBXFrameworksBuildPhase;
			buildActionMask = 2147483647;
			files = (
			);
			runOnlyForDeploymentPostprocessing = 0;
		};
/* End PBXFrameworksBuildPhase section */

/* Begin PBXGroup section */
		163CE8BD6E6C482A80613583 /* Source Files */ = {
			isa = PBXGroup;
			children = (
				CD55D5B04D36431AA1A90778 /* main.c */,
				966AB425265C4E35A46AB641 /* markup.c */,
				6109CED4C26D4495AFF4A3E8 /* markymark.c */,
				395D2D20F8E0474088965043 /* parser.c */,
				16B4B90BBF754B5BAA19D35E /* scanner.c */,
			);
			name = "Source Files";
			sourceTree = "<group>";
		};
		4BFA367850ED41AE848F5A51 = {
			isa = PBXGroup;
			children = (
				AE4594A915B44FD098045B53 /* markymark */,
				6D37D9B357044D39A2DD9DE4 /* ALL_BUILD */,
				53C01F0CED3744508E2358B4 /* Products */,
				B4D077F9F0BC4F67B43D26EC /* Frameworks */,
				D52657C31C9A40BDA9881CC3 /* Resources */,
			);
			sourceTree = "<group>";
		};
		53C01F0CED3744508E2358B4 /* Products */ = {
			isa = PBXGroup;
			children = (
				4A57DAD1C9C743D194435628 /* markymark */,
			);
			name = Products;
			sourceTree = "<group>";
		};
		6D37D9B357044D39A2DD9DE4 /* ALL_BUILD */ = {
			isa = PBXGroup;
			children = (
				B9BFEEDB1F214696B3D64CC7 /* CMake Rules */,
				8E88F216B9564A1A821B9C69 /* CMakeLists.txt */,
			);
			name = ALL_BUILD;
			sourceTree = "<group>";
		};
		9975081470B74A5DB06D52BC /* Header Files */ = {
			isa = PBXGroup;
			children = (
				E6E931D1961C4E448C96CBB1 /* markup.h */,
				CADA25DC325A458C8CDDBEDE /* markymark.h */,
				18FE2790436A4E8DB10267BE /* parser.h */,
				A5B715F2A0E64CD8BD25A8DE /* scanner.h */,
				EBDF630A38BF4798B8C799DD /* token.h */,
			);
			name = "Header Files";
			sourceTree = "<group>";
		};
		AE4594A915B44FD098045B53 /* markymark */ = {
			isa = PBXGroup;
			children = (
				48A5809F2EC4C54A0067C346 /* index.html */,
				48A580A02EC4C54A0067C346 /* README.md */,
				48A5809E2EC3E6840067C346 /* test.md */,
				163CE8BD6E6C482A80613583 /* Source Files */,
				9975081470B74A5DB06D52BC /* Header Files */,
				0A2FA0D6F88C4F51A0984D83 /* CMakeLists.txt */,
			);
			name = markymark;
			sourceTree = "<group>";
		};
		B4D077F9F0BC4F67B43D26EC /* Frameworks */ = {
			isa = PBXGroup;
			children = (
			);
			name = Frameworks;
			sourceTree = "<group>";
		};
		B9BFEEDB1F214696B3D64CC7 /* CMake Rules */ = {
			isa = PBXGroup;
			children = (
			);
			name = "CMake Rules";
			sourceTree = "<group>";
		};
		D52657C31C9A40BDA9881CC3 /* Resources */ = {
			isa = PBXGroup;
			children = (
			);
			name = Resources;
			sourceTree = "<group>";
		};
/* End PBXGroup section */

/* Begin PBXNativeTarget section */
		DEAF0B2DC53C6B1633F66416 /* markymark */ = {
			isa = PBXNativeTarget;
			buildConfigurationList = 3FACF89660E84825B73EE34E /* Build configuration list for PBXNativeTarget "markymark" */;
			buildPhases = (
				CDFCB16AAB80449381220D91 /* Sources */,
				91062184C24D45ECB3EB57AE /* Frameworks */,
			);
			buildRules = (
			);
			dependencies = (
				C5DF7BBFC87C4558956BADFF /* PBXTargetDependency */,
			);
			name = markymark;
			productName = markymark;
			productReference = 4A57DAD1C9C743D194435628 /* markymark */;
			productType = "com.apple.product-type.tool";
		};
/* End PBXNativeTarget section */

/* Begin PBXProject section */
		BFD2960D0AD64B95B1602B8F /* Project object */ = {
			isa = PBXProject;
			attributes = {
				LastUpgradeCheck = 2600;
			};
			buildConfigurationList = 3404A88BA5854FE795628075 /* Build configuration list for PBXProject "markymark" */;
			compatibilityVersion = "Xcode 3.2";
			developmentRegion = en;
			hasScannedForEncodings = 0;
			knownRegions = (
				en,
				Base,
			);
			mainGroup = 4BFA367850ED41AE848F5A51;
			projectDirPath = "/Users/matty/projects/markymark-c";
			projectRoot = "";
			targets = (
				EF93432C9FE4F46FAEFD4D18 /* ALL_BUILD */,
				DEAF0B2DC53C6B1633F66416 /* markymark */,
				96C747C26BF333E445E1962F /* ZERO_CHECK */,
			);
		};
/* End PBXProject section */

/* Begin PBXShellScriptBuildPhase section */
		4646F1DE2CF2F01DF3EA254E /* Generate CMakeFiles/ZERO_CHECK */ = {
			isa = PBXShellScriptBuildPhase;
			alwaysOutOfDate = 1;
			buildActionMask = 2147483647;
			files = (
			);
			inputPaths = (
			);
			name = "Generate CMakeFiles/ZERO_CHECK";
			outputPaths = (
				"/Users/matty/projects/markymark-c/build-xcode/CMakeFiles/ZERO_CHECK",
			);
			runOnlyForDeploymentPostprocessing = 0;
			shellPath = /bin/sh;
			shellScript = "set -e\nif test \"$CONFIGURATION\" = \"Debug\"; then :\n  cd /Users/matty/projects/markymark-c/build-xcode\n  make -f /Users/matty/projects/markymark-c/build-xcode/CMakeScripts/ReRunCMake.make\nfi\nif test \"$CONFIGURATION\" = \"Release\"; then :\n  cd /Users/matty/projects/markymark-c/build-xcode\n  make -f /Users/matty/projects/markymark-c/build-xcode/CMakeScripts/ReRunCMake.make\nfi\nif test \"$CONFIGURATION\" = \"MinSizeRel\"; then :\n  cd /Users/matty/projects/markymark-c/build-xcode\n  make -f /Users/matty/projects/markymark-c/build-xcode/CMakeScripts/ReRunCMake.make\nfi\nif test \"$CONFIGURATION\" = \"RelWithDebInfo\"; then :\n  cd /Users/matty/projects/markymark-c/build-xcode\n  make -f /Users/matty/projects/markymark-c/build-xcode/CMakeScripts/ReRunCMake.make\nfi\n";
			showEnvVarsInLog = 0;
		};
		7536B1B17EE161279CAB740E /* Generate CMakeFiles/ALL_BUILD */ = {
			isa = PBXShellScriptBuildPhase;
			alwaysOutOfDate = 1;
			buildActionMask = 2147483647;
			files = (
			);
			inputPaths = (
			);
			name = "Generate CMakeFiles/ALL_BUILD";
			outputPaths = (
				"/Users/matty/projects/markymark-c/build-xcode/CMakeFiles/ALL_BUILD",
			);
			runOnlyForDeploymentPostprocessing = 0;
			shellPath = /bin/sh;
			shellScript = "set -e\nif test \"$CONFIGURATION\" = \"Debug\"; then :\n  cd /Users/matty/projects/markymark-c/build-xcode\n  echo Build\\ all\\ projects\nfi\nif test \"$CONFIGURATION\" = \"Release\"; then :\n  cd /Users/matty/projects/markymark-c/build-xcode\n  echo Build\\ all\\ projects\nfi\nif test \"$CONFIGURATION\" = \"MinSizeRel\"; then :\n  cd /Users/matty/projects/markymark-c/build-xcode\n  echo Build\\ all\\ projects\nfi\nif test \"$CONFIGURATION\" = \"RelWithDebInfo\"; then :\n  cd /Users/matty/projects/markymark-c/build-xcode\n  echo Build\\ all\\ projects\nfi\n";
			showEnvVarsInLog = 0;
		};
/* End PBXShellScriptBuildPhase section */

/* Begin PBXSourcesBuildPhase section */
		CDFCB16AAB80449381220D91 /* Sources */ = {
			isa = PBXSourcesBuildPhase;
			buildActionMask = 2147483647;
			files = (
				B36BC7D2BE7546058A60AE22 /* main.c in Sources */,
				9CF70B5D23174A3EAF79756A /* markup.c in Sources */,
				18D6679E28CC456CBF93AA15 /* markymark.c in Sources */,
				74684F8A576A4946830AACB1 /* parser.c in Sources */,
				05A44BDC4D964825A854AA2C /* scanner.c in Sources */,
			);
			runOnlyForDeploymentPostprocessing = 0;
		};
/* End PBXSourcesBuildPhase section */

/* Begin PBXTargetDependency section */
		45E2A2122F374E70A2CB7869 /* PBXTargetDependency */ = {
			isa = PBXTargetDependency;
			target = DEAF0B2DC53C6B1633F66416 /* markymark */;
			targetProxy = B7F5A4F77E5646919567CF58 /* PBXContainerItemProxy */;
		};
		A443047E806D4C8F85FAD45C /* PBXTargetDependency */ = {
			isa = PBXTargetDependency;
			target = 96C747C26BF333E445E1962F /* ZERO_CHECK */;
			targetProxy = E76E252874814E659673BBC0 /* PBXContainerItemProxy */;
		};
		C5DF7BBFC87C4558956BADFF /* PBXTargetDependency */ = {
			isa = PBXTargetDependency;
			target = 96C747C26BF333E445E1962F /* ZERO_CHECK */;
			targetProxy = E754D4F1658F445FBD32F3BC /* PBXContainerItemProxy */;
		};
/* End PBXTargetDependency section */

/* Begin XCBuildConfiguration section */
		1DD097F8E5B448B29E6330B0 /* RelWithDebInfo */ = {
			isa = XCBuildConfiguration;
			buildSettings = {
				ALWAYS_SEARCH_USER_PATHS = NO;
				ARCHS = arm64;
				COMBINE_HIDPI_IMAGES = YES;
				GCC_GENERATE_DEBUGGING_SYMBOLS = YES;
				GCC_INLINES_ARE_PRIVATE_EXTERN = NO;
				GCC_OPTIMIZATION_LEVEL = 0;
				GCC_PREPROCESSOR_DEFINITIONS = (
					"'CMAKE_INTDIR=\"$(CONFIGURATION)$(EFFECTIVE_PLATFORM_NAME)\"'",
					"$(inherited)",
				);
				GCC_SYMBOLS_PRIVATE_EXTERN = NO;
				INSTALL_PATH = "";
				ONLY_ACTIVE_ARCH = NO;
				OTHER_LDFLAGS = " $(inherited)";
				OTHER_REZFLAGS = "";
				PRODUCT_NAME = ZERO_CHECK;
				SECTORDER_FLAGS = "";
				USE_HEADERMAP = NO;
				WARNING_CFLAGS = "$(inherited)";
			};
			name = RelWithDebInfo;
		};
		2DFEC7E9775B4480B6861FFD /* Release */ = {
			isa = XCBuildConfiguration;
			buildSettings = {
				ALWAYS_SEARCH_USER_PATHS = NO;
				ARCHS = arm64;
				COMBINE_HIDPI_IMAGES = YES;
				CONFIGURATION_BUILD_DIR = "/Users/matty/projects/markymark-c/build-xcode/Release";
				EXECUTABLE_PREFIX = "";
				EXECUTABLE_SUFFIX = "";
				GCC_GENERATE_DEBUGGING_SYMBOLS = YES;
				GCC_INLINES_ARE_PRIVATE_EXTERN = NO;
				GCC_OPTIMIZATION_LEVEL = 3;
				GCC_PREPROCESSOR_DEFINITIONS = (
					"'CMAKE_INTDIR=\"$(CONFIGURATION)$(EFFECTIVE_PLATFORM_NAME)\"'",
					"$(inherited)",
				);
				GCC_SYMBOLS_PRIVATE_EXTERN = NO;
				HEADER_SEARCH_PATHS = (
					"/Users/matty/projects/markymark-c/include",
					"$(inherited)",
				);
				INSTALL_PATH = "";
				ONLY_ACTIVE_ARCH = NO;
				OTHER_CFLAGS = (
					"-DNDEBUG",
					"'-std=gnu2x'",
					"-Wall",
					"-Wextra",
					"$(inherited)",
				);
				OTHER_LDFLAGS = (
					"-Wl,-search_paths_first",
					"-Wl,-headerpad_max_install_names",
					"$(inherited)",
				);
				OTHER_REZFLAGS = "";
				PRODUCT_NAME = markymark;
				SECTORDER_FLAGS = "";
				TARGET_TEMP_DIR = "/Users/matty/projects/markymark-c/build-xcode/build/markymark.build/$(CONFIGURATION)$(EFFECTIVE_PLATFORM_NAME)";
				USE_HEADERMAP = NO;
				WARNING_CFLAGS = "$(inherited)";
			};
			name = Release;
		};
		3067E7D9D7CC44A5801693DD /* Debug */ = {
			isa = XCBuildConfiguration;
			buildSettings = {
				ALWAYS_SEARCH_USER_PATHS = NO;
				ARCHS = arm64;
				COMBINE_HIDPI_IMAGES = YES;
				GCC_GENERATE_DEBUGGING_SYMBOLS = YES;
				GCC_INLINES_ARE_PRIVATE_EXTERN = NO;
				GCC_OPTIMIZATION_LEVEL = 0;
				GCC_PREPROCESSOR_DEFINITIONS = (
					"'CMAKE_INTDIR=\"$(CONFIGURATION)$(EFFECTIVE_PLATFORM_NAME)\"'",
					"$(inherited)",
				);
				GCC_SYMBOLS_PRIVATE_EXTERN = NO;
				INSTALL_PATH = "";
				ONLY_ACTIVE_ARCH = NO;
				OTHER_LDFLAGS = " $(inherited)";
				OTHER_REZFLAGS = "";
				PRODUCT_NAME = ALL_BUILD;
				SECTORDER_FLAGS = "";
				USE_HEADERMAP = NO;
				WARNING_CFLAGS = "$(inherited)";
			};
			name = Debug;
		};
		39B31127D926474398CA4279 /* Release */ = {
			isa = XCBuildConfiguration;
			buildSettings = {
				ALWAYS_SEARCH_USER_PATHS = NO;
				ARCHS = arm64;
				COMBINE_HIDPI_IMAGES = YES;
				GCC_GENERATE_DEBUGGING_SYMBOLS = YES;
				GCC_INLINES_ARE_PRIVATE_EXTERN = NO;
				GCC_OPTIMIZATION_LEVEL = 0;
				GCC_PREPROCESSOR_DEFINITIONS = (
					"'CMAKE_INTDIR=\"$(CONFIGURATION)$(EFFECTIVE_PLATFORM_NAME)\"'",
					"$(inherited)",
				);
				GCC_SYMBOLS_PRIVATE_EXTERN = NO;
				INSTALL_PATH = "";
				ONLY_ACTIVE_ARCH = NO;
				OTHER_LDFLAGS = " $(inherited)";
				OTHER_REZFLAGS = "";
				PRODUCT_NAME = ZERO_CHECK;
				SECTORDER_FLAGS = "";
				USE_HEADERMAP = NO;
				WARNING_CFLAGS = "$(inherited)";
			};
			name = Release;
		};
		46D5EDC91D33465B96B07823 /* Release */ = {
			isa = XCBuildConfiguration;
			buildSettings = {
				ARCHS = arm64;
				SDKROOT = "";
				SWIFT_COMPILATION_MODE = wholemodule;
				SYMROOT = "/Users/matty/projects/markymark-c/build-xcode/build";
			};
			name = Release;
		};
		5359CE91205A4FB09211B353 /* Debug */ = {
			isa = XCBuildConfiguration;
			buildSettings = {
				ALWAYS_SEARCH_USER_PATHS = NO;
				ARCHS = arm64;
				COMBINE_HIDPI_IMAGES = YES;
				CONFIGURATION_BUILD_DIR = "/Users/matty/projects/markymark-c/build-xcode/Debug";
				EXECUTABLE_PREFIX = "";
				EXECUTABLE_SUFFIX = "";
				GCC_GENERATE_DEBUGGING_SYMBOLS = YES;
				GCC_INLINES_ARE_PRIVATE_EXTERN = NO;
				GCC_OPTIMIZATION_LEVEL = 0;
				GCC_PREPROCESSOR_DEFINITIONS = (
					"'CMAKE_INTDIR=\"$(CONFIGURATION)$(EFFECTIVE_PLATFORM_NAME)\"'",
					"$(inherited)",
				);
				GCC_SYMBOLS_PRIVATE_EXTERN = NO;
				HEADER_SEARCH_PATHS = (
					"/Users/matty/projects/markymark-c/include",
					"$(inherited)",
				);
				INSTALL_PATH = "";
				ONLY_ACTIVE_ARCH = NO;
				OTHER_CFLAGS = (
					"'-std=gnu2x'",
					"-Wall",
					"-Wextra",
					"$(inherited)",
				);
				OTHER_LDFLAGS = (
					"-Wl,-search_paths_first",
					"-Wl,-headerpad_max_install_names",
					"$(inherited)",
				);
				OTHER_REZFLAGS = "";
				PRODUCT_NAME = markymark;
				SECTORDER_FLAGS = "";
				TARGET_TEMP_DIR = "/Users/matty/projects/markymark-c/build-xcode/build/markymark.build/$(CONFIGURATION)$(EFFECTIVE_PLATFORM_NAME)";
				USE_HEADERMAP = NO;
				WARNING_CFLAGS = "$(inherited)";
			};
			name = Debug;
		};
		5848937F899D40F1BE2A760B /* MinSizeRel */ = {
			isa = XCBuildConfiguration;
			buildSettings = {
				ALWAYS_SEARCH_USER_PATHS = NO;
				ARCHS = arm64;
				COMBINE_HIDPI_IMAGES = YES;
				GCC_GENERATE_DEBUGGING_SYMBOLS = YES;
				GCC_INLINES_ARE_PRIVATE_EXTERN = NO;
				GCC_OPTIMIZATION_LEVEL = 0;
				GCC_PREPROCESSOR_DEFINITIONS = (
					"'CMAKE_INTDIR=\"$(CONFIGURATION)$(EFFECTIVE_PLATFORM_NAME)\"'",
					"$(inherited)",
				);
				GCC_SYMBOLS_PRIVATE_EXTERN = NO;
				INSTALL_PATH = "";
				ONLY_ACTIVE_ARCH = NO;
				OTHER_LDFLAGS = " $(inherited)";
				OTHER_REZFLAGS = "";
				PRODUCT_NAME = ZERO_CHECK;
				SECTORDER_FLAGS = "";
				USE_HEADERMAP = NO;
				WARNING_CFLAGS = "$(inherited)";
			};
			name = MinSizeRel;
		};
		5DD59A1AB28144E9B8E3BA8D /* MinSizeRel */ = {
			isa = XCBuildConfiguration;
			buildSettings = {
				ARCHS = arm64;
				SDKROOT = "";
				SWIFT_COMPILATION_MODE = wholemodule;
				SYMROOT = "/Users/matty/projects/markymark-c/build-xcode/build";
			};
			name = MinSizeRel;
		};
		6EB96B0F13C5411F92444511 /* MinSizeRel */ = {
			isa = XCBuildConfiguration;
			buildSettings = {
				ALWAYS_SEARCH_USER_PATHS = NO;
				ARCHS = arm64;
				COMBINE_HIDPI_IMAGES = YES;
				CONFIGURATION_BUILD_DIR = "/Users/matty/projects/markymark-c/build-xcode/MinSizeRel";
				EXECUTABLE_PREFIX = "";
				EXECUTABLE_SUFFIX = "";
				GCC_GENERATE_DEBUGGING_SYMBOLS = YES;
				GCC_INLINES_ARE_PRIVATE_EXTERN = NO;
				GCC_OPTIMIZATION_LEVEL = s;
				GCC_PREPROCESSOR_DEFINITIONS = (
					"'CMAKE_INTDIR=\"$(CONFIGURATION)$(EFFECTIVE_PLATFORM_NAME)\"'",
					"$(inherited)",
				);
				GCC_SYMBOLS_PRIVATE_EXTERN = NO;
				HEADER_SEARCH_PATHS = (
					"/Users/matty/projects/markymark-c/include",
					"$(inherited)",
				);
				INSTALL_PATH = "";
				ONLY_ACTIVE_ARCH = NO;
				OTHER_CFLAGS = (
					"-DNDEBUG",
					"'-std=gnu2x'",
					"-Wall",
					"-Wextra",
					"$(inherited)",
				);
				OTHER_LDFLAGS = (
					"-Wl,-search_paths_first",
					"-Wl,-headerpad_max_install_names",
					"$(inherited)",
				);
				OTHER_REZFLAGS = "";
				PRODUCT_NAME = markymark;
				SECTORDER_FLAGS = "";
				TARGET_TEMP_DIR = "/Users/matty/projects/markymark-c/build-xcode/build/markymark.build/$(CONFIGURATION)$(EFFECTIVE_PLATFORM_NAME)";
				USE_HEADERMAP = NO;
				WARNING_CFLAGS = "$(inherited)";
			};
			name = MinSizeRel;
		};
		73EF88A1DC35455DA584CB75 /* MinSizeRel */ = {
			isa = XCBuildConfiguration;
			buildSettings = {
				ALWAYS_SEARCH_USER_PATHS = NO;
				ARCHS = arm64;
				COMBINE_HIDPI_IMAGES = YES;
				GCC_GENERATE_DEBUGGING_SYMBOLS = YES;
				GCC_INLINES_ARE_PRIVATE_EXTERN = NO;
				GCC_OPTIMIZATION_LEVEL = 0;
				GCC_PREPROCESSOR_DEFINITIONS = (
					"'CMAKE_INTDIR=\"$(CONFIGURATION)$(EFFECTIVE_PLATFORM_NAME)\"'",
					"$(inherited)",
				);
				GCC_SYMBOLS_PRIVATE_EXTERN = NO;
				INSTALL_PATH = "";
				ONLY_ACTIVE_ARCH = NO;
				OTHER_LDFLAGS = " $(inherited)";
				OTHER_REZFLAGS = "";
				PRODUCT_NAME = ALL_BUILD;
				SECTORDER_FLAGS = "";
				USE_HEADERMAP = NO;
				WARNING_CFLAGS = "$(inherited)";
			};
			name = MinSizeRel;
		};
		78139D070F2D4FF79F5166DB /* Debug */ = {
			isa = XCBuildConfiguration;
			buildSettings = {
				ALWAYS_SEARCH_USER_PATHS = NO;
				ARCHS = arm64;
				COMBINE_HIDPI_IMAGES = YES;
				GCC_GENERATE_DEBUGGING_SYMBOLS = YES;
				GCC_INLINES_ARE_PRIVATE_EXTERN = NO;
				GCC_OPTIMIZATION_LEVEL = 0;
				GCC_PREPROCESSOR_DEFINITIONS = (
					"'CMAKE_INTDIR=\"$(CONFIGURATION)$(EFFECTIVE_PLATFORM_NAME)\"'",
					"$(inherited)",
				);
				GCC_SYMBOLS_PRIVATE_EXTERN = NO;
				INSTALL_PATH = "";
				ONLY_ACTIVE_ARCH = NO;
				OTHER_LDFLAGS = " $(inherited)";
				OTHER_REZFLAGS = "";
				PRODUCT_NAME = ZERO_CHECK;
				SECTORDER_FLAGS = "";
				USE_HEADERMAP = NO;
				WARNING_CFLAGS = "$(inherited)";
			};
			name = Debug;
		};
		79446E486C6948F9932F3466 /* Release */ = {
			isa = XCBuildConfiguration;
			buildSettings = {
				ALWAYS_SEARCH_USER_PATHS = NO;
				ARCHS = arm64;
				COMBINE_HIDPI_IMAGES = YES;
				GCC_GENERATE_DEBUGGING_SYMBOLS = YES;
				GCC_INLINES_ARE_PRIVATE_EXTERN = NO;
				GCC_OPTIMIZATION_LEVEL = 0;
				GCC_PREPROCESSOR_DEFINITIONS = (
					"'CMAKE_INTDIR=\"$(CONFIGURATION)$(EFFECTIVE_PLATFORM_NAME)\"'",
					"$(inherited)",
				);
				GCC_SYMBOLS_PRIVATE_EXTERN = NO;
				INSTALL_PATH = "";
				ONLY_ACTIVE_ARCH = NO;
				OTHER_LDFLAGS = " $(inherited)";
				OTHER_REZFLAGS = "";
				PRODUCT_NAME = ALL_BUILD;
				SECTORDER_FLAGS = "";
				USE_HEADERMAP = NO;
				WARNING_CFLAGS = "$(inherited)";
			};
			name = Release;
		};
		82186A083CA04CA7831DF885 /* RelWithDebInfo */ = {
			isa = XCBuildConfiguration;
			buildSettings = {
				ARCHS = arm64;
				SDKROOT = "";
				SWIFT_COMPILATION_MODE = wholemodule;
				SYMROOT = "/Users/matty/projects/markymark-c/build-xcode/build";
			};
			name = RelWithDebInfo;
		};
		986F7B81F95C4B48A626B431 /* Debug */ = {
			isa = XCBuildConfiguration;
			buildSettings = {
				ARCHS = arm64;
				SDKROOT = "";
				SYMROOT = "/Users/matty/projects/markymark-c/build-xcode/build";
			};
			name = Debug;
		};
		9DF55EC518484AA09B7E3202 /* RelWithDebInfo */ = {
			isa = XCBuildConfiguration;
			buildSettings = {
				ALWAYS_SEARCH_USER_PATHS = NO;
				ARCHS = arm64;
				COMBINE_HIDPI_IMAGES = YES;
				CONFIGURATION_BUILD_DIR = "/Users/matty/projects/markymark-c/build-xcode/RelWithDebInfo";
				EXECUTABLE_PREFIX = "";
				EXECUTABLE_SUFFIX = "";
				GCC_GENERATE_DEBUGGING_SYMBOLS = YES;
				GCC_INLINES_ARE_PRIVATE_EXTERN = NO;
				GCC_OPTIMIZATION_LEVEL = 2;
				GCC_PREPROCESSOR_DEFINITIONS = (
					"'CMAKE_INTDIR=\"$(CONFIGURATION)$(EFFECTIVE_PLATFORM_NAME)\"'",
					"$(inherited)",
				);
				GCC_SYMBOLS_PRIVATE_EXTERN = NO;
				HEADER_SEARCH_PATHS = (
					"/Users/matty/projects/markymark-c/include",
					"$(inherited)",
				);
				INSTALL_PATH = "";
				ONLY_ACTIVE_ARCH = NO;
				OTHER_CFLAGS = (
					"-DNDEBUG",
					"'-std=gnu2x'",
					"-Wall",
					"-Wextra",
					"$(inherited)",
				);
				OTHER_LDFLAGS = (
					"-Wl,-search_paths_first",
					"-Wl,-headerpad_max_install_names",
					"$(inherited)",
				);
				OTHER_REZFLAGS = "";
				PRODUCT_NAME = markymark;
				SECTORDER_FLAGS = "";
				TARGET_TEMP_DIR = "/Users/matty/projects/markymark-c/build-xcode/build/markymark.build/$(CONFIGURATION)$(EFFECTIVE_PLATFORM_NAME)";
				USE_HEADERMAP = NO;
				WARNING_CFLAGS = "$(inherited)";
			};
			name = RelWithDebInfo;
		};
		A28877CEF6144CCDBD6381B9 /* RelWithDebInfo */ = {
			isa = XCBuildConfiguration;
			buildSettings = {
				ALWAYS_SEARCH_USER_PATHS = NO;
				ARCHS = arm64;
				COMBINE_HIDPI_IMAGES = YES;
				GCC_GENERATE_DEBUGGING_SYMBOLS = YES;
				GCC_INLINES_ARE_PRIVATE_EXTERN = NO;
				GCC_OPTIMIZATION_LEVEL = 0;
				GCC_PREPROCESSOR_DEFINITIONS = (
					"'CMAKE_INTDIR=\"$(CONFIGURATION)$(EFFECTIVE_PLATFORM_NAME)\"'",
					"$(inherited)",
				);
				GCC_SYMBOLS_PRIVATE_EXTERN = NO;
				INSTALL_PATH = "";
				ONLY_ACTIVE_ARCH = NO;
				OTHER_LDFLAGS = " $(inherited)";
				OTHER_REZFLAGS = "";
				PRODUCT_NAME = ALL_BUILD;
				SECTORDER_FLAGS = "";
				USE_HEADERMAP = NO;
				WARNING_CFLAGS = "$(inherited)";
			};
			name = RelWithDebInfo;
		};
/* End XCBuildConfiguration section */

/* Begin XCConfigurationList section */
		2F6B169C99F343538CCF5742 /* Build configuration list for PBXAggregateTarget "ALL_BUILD" */ = {
			isa = XCConfigurationList;
			buildConfigurations = (
				3067E7D9D7CC44A5801693DD /* Debug */,
				79446E486C6948F9932F3466 /* Release */,
				73EF88A1DC35455DA584CB75 /* MinSizeRel */,
				A28877CEF6144CCDBD6381B9 /* RelWithDebInfo */,
			);
			defaultConfigurationIsVisible = 0;
			defaultConfigurationName = Debug;
		};
		3404A88BA5854FE795628075 /* Build configuration list for PBXProject "markymark" */ = {
			isa = XCConfigurationList;
			buildConfigurations = (
				986F7B81F95C4B48A626B431 /* Debug */,
				46D5EDC91D33465B96B07823 /* Release */,
				5DD59A1AB28144E9B8E3BA8D /* MinSizeRel */,
				82186A083CA04CA7831DF885 /* RelWithDebInfo */,
			);
			defaultConfigurationIsVisible = 0;
			defaultConfigurationName = Debug;
		};
		3FACF89660E84825B73EE34E /* Build configuration list for PBXNativeTarget "markymark" */ = {
			isa = XCConfigurationList;
			buildConfigurations = (
				5359CE91205A4FB09211B353 /* Debug */,
				2DFEC7E9775B4480B6861FFD /* Release */,
				6EB96B0F13C5411F92444511 /* MinSizeRel */,
				9DF55EC518484AA09B7E3202 /* RelWithDebInfo */,
			);
			defaultConfigurationIsVisible = 0;
			defaultConfigurationName = Debug;
		};
		E1C4A4BC79CD4750A8A6C6CA /* Build configuration list for PBXAggregateTarget "ZERO_CHECK" */ = {
			isa = XCConfigurationList;
			buildConfigurations = (
				78139D070F2D4FF79F5166DB /* Debug */,
				39B31127D926474398CA4279 /* Release */,
				5848937F899D40F1BE2A760B /* MinSizeRel */,
				1DD097F8E5B448B29E6330B0 /* RelWithDebInfo */,
			);
			defaultConfigurationIsVisible = 0;
			defaultConfigurationName = Debug;
		};
/* End XCConfigurationList section */
	};
	rootObject = BFD2960D0AD64B95B1602B8F /* Project object */;
}
