// !$*UTF8*$!
{
	archiveVersion = 1;
	classes = {
	};
	objectVersion = 46;
	objects = {

/* Begin PBXAggregateTarget section */
		96C747C26BF333E445E1962F /* ZERO_CHECK */ = {
			isa = PBXAggregateTarget;
			buildConfigurationList = DA4D3451B4204BBF94ECC679 /* Build configuration list for PBXAggregateTarget "ZERO_CHECK" */;
			buildPhases = (
				4646F1DE2CF2F01DF3EA254E /* Generate CMakeFiles/ZERO_CHECK */,
			);
			dependencies = (
			);
			name = ZERO_CHECK;
			productName = ZERO_CHECK;
		};
		EF93432C9FE4F46FAEFD4D18 /* ALL_BUILD */ = {
			isa = PBXAggregateTarget;
			buildConfigurationList = A80421E84B7F4AF48359E513 /* Build configuration list for PBXAggregateTarget "ALL_BUILD" */;
			buildPhases = (
				7536B1B17EE161279CAB740E /* Generate CMakeFiles/ALL_BUILD */,
			);
			dependencies = (
				74977F791C78415F96423C6A /* PBXTargetDependency */,
				F76E3223EB9145A99EFA9C34 /* PBXTargetDependency */,
				A92704A772484DC3B25495E8 /* PBXTargetDependency */,
			);
			name = ALL_BUILD;
			productName = ALL_BUILD;
		};
/* End PBXAggregateTarget section */

/* Begin PBXBuildFile section */
		2D4681DBE57746F5A1DEA5A8 /* /Users/matty/projects/markymark-c/CMakeLists.txt */ = {isa = PBXBuildFile; fileRef = 91F97E6771D445B5A5847C85 /* /Users/matty/projects/markymark-c/CMakeLists.txt */; };
		535AE824E8A0472099017317 /* /Users/matty/projects/markymark-c/src/scanner.c */ = {isa = PBXBuildFile; fileRef = 77FC04BE5E3249E8BB815E06 /* /Users/matty/projects/markymark-c/src/scanner.c */; };
		7C3B0F0F8D3D4B14978AF349 /* /Users/matty/projects/markymark-c/src/main.c */ = {isa = PBXBuildFile; fileRef = D09BC63B820E4697BEB0DA8A /* /Users/matty/projects/markymark-c/src/main.c */; };
		80070DC15D2E4BBAAAE8FD77 /* /Users/matty/projects/markymark-c/src/markymark.c */ = {isa = PBXBuildFile; fileRef = A19385B089DB4AD8A612E4F7 /* /Users/matty/projects/markymark-c/src/markymark.c */; };
		9384901005D44CF0943B1335 /* /Users/matty/projects/markymark-c/include/line-processor.h */ = {isa = PBXBuildFile; fileRef = D6DEAFEB294B44699BBA2B71 /* /Users/matty/projects/markymark-c/include/line-processor.h */; };
		A9EC984C82144DB3A0C7E635 /* /Users/matty/projects/markymark-c/include/markup.h */ = {isa = PBXBuildFile; fileRef = 372E871F9474482C82211449 /* /Users/matty/projects/markymark-c/include/markup.h */; };
		B0795BF93A9D417D865DC8B6 /* /Users/matty/projects/markymark-c/src/parser.c */ = {isa = PBXBuildFile; fileRef = DD069B4C4E774C0BB68624B0 /* /Users/matty/projects/markymark-c/src/parser.c */; };
		B9AA861D39C84E0D854C5849 /* /Users/matty/projects/markymark-c/src/markup.c */ = {isa = PBXBuildFile; fileRef = 44D1E9B1FB6A4502A8AF9835 /* /Users/matty/projects/markymark-c/src/markup.c */; };
		D2916D9B151949EDB6E732BA /* /Users/matty/projects/markymark-c/include/token.h */ = {isa = PBXBuildFile; fileRef = 38792AF75E704D5097A9E6E1 /* /Users/matty/projects/markymark-c/include/token.h */; };
		DB4AD5815F2449B6AF32DD4F /* /Users/matty/projects/markymark-c/CMakeLists.txt */ = {isa = PBXBuildFile; fileRef = 0800C172305E4BF78E434742 /* /Users/matty/projects/markymark-c/CMakeLists.txt */; };
		E17445424C03439F8FAE05CE /* /Users/matty/projects/markymark-c/include/markymark.h */ = {isa = PBXBuildFile; fileRef = 7E781C865C644D6D8BB4CBE7 /* /Users/matty/projects/markymark-c/include/markymark.h */; };
		E199D1FE33E3422C96945726 /* /Users/matty/projects/markymark-c/include/scanner.h */ = {isa = PBXBuildFile; fileRef = 5535CC7CE80D49DFB3C92684 /* /Users/matty/projects/markymark-c/include/scanner.h */; };
		EC091BBE43534034ACA92F21 /* /Users/matty/projects/markymark-c/src/line-processor.c */ = {isa = PBXBuildFile; fileRef = 6407A5ED91C849ECBD9814CD /* /Users/matty/projects/markymark-c/src/line-processor.c */; };
		F0CA067997BA483A843AB9B1 /* /Users/matty/projects/markymark-c/include/parser.h */ = {isa = PBXBuildFile; fileRef = 3482535CA24B4A16B0C7D083 /* /Users/matty/projects/markymark-c/include/parser.h */; };
/* End PBXBuildFile section */

/* Begin PBXBuildStyle section */
		614EA684381540B4A533449B /* Debug */ = {
			isa = PBXBuildStyle;
			buildSettings = {
				COPY_PHASE_STRIP = NO;
			};
			name = Debug;
		};
		7E4F0891E9514526A5A0A4FD /* MinSizeRel */ = {
			isa = PBXBuildStyle;
			buildSettings = {
				COPY_PHASE_STRIP = NO;
			};
			name = MinSizeRel;
		};
		BA986B9FB35B45D596397A23 /* RelWithDebInfo */ = {
			isa = PBXBuildStyle;
			buildSettings = {
				COPY_PHASE_STRIP = NO;
			};
			name = RelWithDebInfo;
		};
		C6B5012EDB6D4C7FAAE6D6DE /* Release */ = {
			isa = PBXBuildStyle;
			buildSettings = {
				COPY_PHASE_STRIP = NO;
			};
			name = Release;
		};
/* End PBXBuildStyle section */

/* Begin PBXContainerItemProxy section */
		1DF1B5E7D6FA4905B1C9B6A3 /* PBXContainerItemProxy */ = {
			isa = PBXContainerItemProxy;
			containerPortal = BFD2960D0AD64B95B1602B8F /* Project object */;
			proxyType = 1;
			remoteGlobalIDString = 96C747C26BF333E445E1962F;
			remoteInfo = ZERO_CHECK;
		};
		1E7CEEEAF4BF461E873CA1D4 /* PBXContainerItemProxy */ = {
			isa = PBXContainerItemProxy;
			containerPortal = BFD2960D0AD64B95B1602B8F /* Project object */;
			proxyType = 1;
			remoteGlobalIDString = DEAF0B2DC53C6B1633F66416;
			remoteInfo = markymark;
		};
		1EA943E1ACBF404FA8D7026C /* PBXContainerItemProxy */ = {
			isa = PBXContainerItemProxy;
			containerPortal = BFD2960D0AD64B95B1602B8F /* Project object */;
			proxyType = 1;
			remoteGlobalIDString = 96C747C26BF333E445E1962F;
			remoteInfo = ZERO_CHECK;
		};
		45FA40E257144603AB693CAA /* PBXContainerItemProxy */ = {
			isa = PBXContainerItemProxy;
			containerPortal = BFD2960D0AD64B95B1602B8F /* Project object */;
			proxyType = 1;
			remoteGlobalIDString = 72A1CE4EA41DF77B2AC29237;
			remoteInfo = mm_lib;
		};
		E57DB0EDFB7E42D180BC1C6D /* PBXContainerItemProxy */ = {
			isa = PBXContainerItemProxy;
			containerPortal = BFD2960D0AD64B95B1602B8F /* Project object */;
			proxyType = 1;
			remoteGlobalIDString = 96C747C26BF333E445E1962F;
			remoteInfo = ZERO_CHECK;
		};
		FFF50ACE8BD3499A80E8506D /* PBXContainerItemProxy */ = {
			isa = PBXContainerItemProxy;
			containerPortal = BFD2960D0AD64B95B1602B8F /* Project object */;
			proxyType = 1;
			remoteGlobalIDString = 72A1CE4EA41DF77B2AC29237;
			remoteInfo = mm_lib;
		};
/* End PBXContainerItemProxy section */

/* Begin PBXFileReference section */
		0206F431F81C4D5B86F97AD5 /* mm_lib */ = {isa = PBXFileReference; explicitFileType = archive.ar; path = libmm_lib.a; sourceTree = BUILT_PRODUCTS_DIR; };
		0800C172305E4BF78E434742 /* /Users/matty/projects/markymark-c/CMakeLists.txt */ = {isa = PBXFileReference; explicitFileType = sourcecode.text; fileEncoding = 4; name = CMakeLists.txt; path = CMakeLists.txt; sourceTree = SOURCE_ROOT; };
		3482535CA24B4A16B0C7D083 /* /Users/matty/projects/markymark-c/include/parser.h */ = {isa = PBXFileReference; explicitFileType = sourcecode.c.h; fileEncoding = 4; name = parser.h; path = include/parser.h; sourceTree = SOURCE_ROOT; };
		372E871F9474482C82211449 /* /Users/matty/projects/markymark-c/include/markup.h */ = {isa = PBXFileReference; explicitFileType = sourcecode.c.h; fileEncoding = 4; name = markup.h; path = include/markup.h; sourceTree = SOURCE_ROOT; };
		38792AF75E704D5097A9E6E1 /* /Users/matty/projects/markymark-c/include/token.h */ = {isa = PBXFileReference; explicitFileType = sourcecode.c.h; fileEncoding = 4; name = token.h; path = include/token.h; sourceTree = SOURCE_ROOT; };
		44D1E9B1FB6A4502A8AF9835 /* /Users/matty/projects/markymark-c/src/markup.c */ = {isa = PBXFileReference; explicitFileType = sourcecode.c.c; fileEncoding = 4; name = markup.c; path = src/markup.c; sourceTree = SOURCE_ROOT; };
		5535CC7CE80D49DFB3C92684 /* /Users/matty/projects/markymark-c/include/scanner.h */ = {isa = PBXFileReference; explicitFileType = sourcecode.c.h; fileEncoding = 4; name = scanner.h; path = include/scanner.h; sourceTree = SOURCE_ROOT; };
		6407A5ED91C849ECBD9814CD /* /Users/matty/projects/markymark-c/src/line-processor.c */ = {isa = PBXFileReference; explicitFileType = sourcecode.c.c; fileEncoding = 4; name = "line-processor.c"; path = "src/line-processor.c"; sourceTree = SOURCE_ROOT; };
		6AFCC792D48848BFAB1A5A6C /* markymark */ = {isa = PBXFileReference; explicitFileType = "compiled.mach-o.executable"; path = markymark; sourceTree = BUILT_PRODUCTS_DIR; };
		77FC04BE5E3249E8BB815E06 /* /Users/matty/projects/markymark-c/src/scanner.c */ = {isa = PBXFileReference; explicitFileType = sourcecode.c.c; fileEncoding = 4; name = scanner.c; path = src/scanner.c; sourceTree = SOURCE_ROOT; };
		7E781C865C644D6D8BB4CBE7 /* /Users/matty/projects/markymark-c/include/markymark.h */ = {isa = PBXFileReference; explicitFileType = sourcecode.c.h; fileEncoding = 4; name = markymark.h; path = include/markymark.h; sourceTree = SOURCE_ROOT; };
		91F97E6771D445B5A5847C85 /* /Users/matty/projects/markymark-c/CMakeLists.txt */ = {isa = PBXFileReference; explicitFileType = sourcecode.text; fileEncoding = 4; name = CMakeLists.txt; path = CMakeLists.txt; sourceTree = SOURCE_ROOT; };
		A19385B089DB4AD8A612E4F7 /* /Users/matty/projects/markymark-c/src/markymark.c */ = {isa = PBXFileReference; explicitFileType = sourcecode.c.c; fileEncoding = 4; name = markymark.c; path = src/markymark.c; sourceTree = SOURCE_ROOT; };
		D09BC63B820E4697BEB0DA8A /* /Users/matty/projects/markymark-c/src/main.c */ = {isa = PBXFileReference; explicitFileType = sourcecode.c.c; fileEncoding = 4; name = main.c; path = src/main.c; sourceTree = SOURCE_ROOT; };
		D6DEAFEB294B44699BBA2B71 /* /Users/matty/projects/markymark-c/include/line-processor.h */ = {isa = PBXFileReference; explicitFileType = sourcecode.c.h; fileEncoding = 4; name = "line-processor.h"; path = "include/line-processor.h"; sourceTree = SOURCE_ROOT; };
		DC83FBB30AC84DDDA806CB76 /* /Users/matty/projects/markymark-c/CMakeLists.txt */ = {isa = PBXFileReference; explicitFileType = sourcecode.text; fileEncoding = 4; name = CMakeLists.txt; path = CMakeLists.txt; sourceTree = SOURCE_ROOT; };
		DD069B4C4E774C0BB68624B0 /* /Users/matty/projects/markymark-c/src/parser.c */ = {isa = PBXFileReference; explicitFileType = sourcecode.c.c; fileEncoding = 4; name = parser.c; path = src/parser.c; sourceTree = SOURCE_ROOT; };
/* End PBXFileReference section */

/* Begin PBXFrameworksBuildPhase section */
		064A20ECDF2D408A9B333EEE /* Frameworks */ = {
			isa = PBXFrameworksBuildPhase;
			buildActionMask = 2147483647;
			files = (
			);
			runOnlyForDeploymentPostprocessing = 0;
		};
		D5AF36599FE14F39802B754E /* Frameworks */ = {
			isa = PBXFrameworksBuildPhase;
			buildActionMask = 2147483647;
			files = (
			);
			runOnlyForDeploymentPostprocessing = 0;
		};
/* End PBXFrameworksBuildPhase section */

/* Begin PBXGroup section */
		206E9EC030B447FEBEB88645 /* Source Files */ = {
			isa = PBXGroup;
			children = (
				D09BC63B820E4697BEB0DA8A /* /Users/matty/projects/markymark-c/src/main.c */,
			);
			name = "Source Files";
			sourceTree = "<group>";
		};
		550C2FEE4EE5492EAB3FC52A /* ALL_BUILD */ = {
			isa = PBXGroup;
			children = (
				B72879FC523746BC8AA9EB88 /* CMake Rules */,
				DC83FBB30AC84DDDA806CB76 /* /Users/matty/projects/markymark-c/CMakeLists.txt */,
			);
			name = ALL_BUILD;
			sourceTree = "<group>";
		};
		6664B0F7C10A4421A8850E3D /* Products */ = {
			isa = PBXGroup;
			children = (
				6AFCC792D48848BFAB1A5A6C /* markymark */,
				0206F431F81C4D5B86F97AD5 /* mm_lib */,
			);
			name = Products;
			sourceTree = "<group>";
		};
		82607C11E2794112B12370A7 = {
			isa = PBXGroup;
			children = (
				E41B34B0681546DFA00B5293 /* mm_lib */,
				B60A61D3B1DE4E16A40EE30A /* markymark */,
				550C2FEE4EE5492EAB3FC52A /* ALL_BUILD */,
				6664B0F7C10A4421A8850E3D /* Products */,
				A4F8990CEFF94DD09B7E79EC /* Frameworks */,
				F35FD9B1DF1E42D09EDDEFAD /* Resources */,
			);
			sourceTree = "<group>";
		};
		A4F8990CEFF94DD09B7E79EC /* Frameworks */ = {
			isa = PBXGroup;
			children = (
			);
			name = Frameworks;
			sourceTree = "<group>";
		};
		B60A61D3B1DE4E16A40EE30A /* markymark */ = {
			isa = PBXGroup;
			children = (
				206E9EC030B447FEBEB88645 /* Source Files */,
				91F97E6771D445B5A5847C85 /* /Users/matty/projects/markymark-c/CMakeLists.txt */,
			);
			name = markymark;
			sourceTree = "<group>";
		};
		B72879FC523746BC8AA9EB88 /* CMake Rules */ = {
			isa = PBXGroup;
			children = (
			);
			name = "CMake Rules";
			sourceTree = "<group>";
		};
		DD299FCF58CD4D88A1FFCBE3 /* Source Files */ = {
			isa = PBXGroup;
			children = (
				6407A5ED91C849ECBD9814CD /* /Users/matty/projects/markymark-c/src/line-processor.c */,
				44D1E9B1FB6A4502A8AF9835 /* /Users/matty/projects/markymark-c/src/markup.c */,
				A19385B089DB4AD8A612E4F7 /* /Users/matty/projects/markymark-c/src/markymark.c */,
				DD069B4C4E774C0BB68624B0 /* /Users/matty/projects/markymark-c/src/parser.c */,
				77FC04BE5E3249E8BB815E06 /* /Users/matty/projects/markymark-c/src/scanner.c */,
			);
			name = "Source Files";
			sourceTree = "<group>";
		};
		E41B34B0681546DFA00B5293 /* mm_lib */ = {
			isa = PBXGroup;
			children = (
				DD299FCF58CD4D88A1FFCBE3 /* Source Files */,
				F6D74D4F81DC4CD18C3282DA /* Header Files */,
				0800C172305E4BF78E434742 /* /Users/matty/projects/markymark-c/CMakeLists.txt */,
			);
			name = mm_lib;
			sourceTree = "<group>";
		};
		F35FD9B1DF1E42D09EDDEFAD /* Resources */ = {
			isa = PBXGroup;
			children = (
			);
			name = Resources;
			sourceTree = "<group>";
		};
		F6D74D4F81DC4CD18C3282DA /* Header Files */ = {
			isa = PBXGroup;
			children = (
				D6DEAFEB294B44699BBA2B71 /* /Users/matty/projects/markymark-c/include/line-processor.h */,
				372E871F9474482C82211449 /* /Users/matty/projects/markymark-c/include/markup.h */,
				7E781C865C644D6D8BB4CBE7 /* /Users/matty/projects/markymark-c/include/markymark.h */,
				3482535CA24B4A16B0C7D083 /* /Users/matty/projects/markymark-c/include/parser.h */,
				5535CC7CE80D49DFB3C92684 /* /Users/matty/projects/markymark-c/include/scanner.h */,
				38792AF75E704D5097A9E6E1 /* /Users/matty/projects/markymark-c/include/token.h */,
			);
			name = "Header Files";
			sourceTree = "<group>";
		};
/* End PBXGroup section */

/* Begin PBXNativeTarget section */
		72A1CE4EA41DF77B2AC29237 /* mm_lib */ = {
			isa = PBXNativeTarget;
			buildConfigurationList = E918BDCBF3B645DAAA010908 /* Build configuration list for PBXNativeTarget "mm_lib" */;
			buildPhases = (
				A842F78D5D464874BB4EB1CA /* Sources */,
				064A20ECDF2D408A9B333EEE /* Frameworks */,
			);
			buildRules = (
			);
			dependencies = (
				3ADB0656954047BA8B06C38F /* PBXTargetDependency */,
			);
			name = mm_lib;
			productName = mm_lib;
			productReference = 0206F431F81C4D5B86F97AD5 /* mm_lib */;
			productType = "com.apple.product-type.library.static";
		};
		DEAF0B2DC53C6B1633F66416 /* markymark */ = {
			isa = PBXNativeTarget;
			buildConfigurationList = 106C5A85FEE942EBA2CC8E64 /* Build configuration list for PBXNativeTarget "markymark" */;
			buildPhases = (
				8F4757F303364514985B9A54 /* Sources */,
				D5AF36599FE14F39802B754E /* Frameworks */,
			);
			buildRules = (
			);
			dependencies = (
				0B8260003B97493AA0ADF18E /* PBXTargetDependency */,
				8F6EBDA9A1174CF0801F4620 /* PBXTargetDependency */,
			);
			name = markymark;
			productName = markymark;
			productReference = 6AFCC792D48848BFAB1A5A6C /* markymark */;
			productType = "com.apple.product-type.tool";
		};
/* End PBXNativeTarget section */

/* Begin PBXProject section */
		BFD2960D0AD64B95B1602B8F /* Project object */ = {
			isa = PBXProject;
			attributes = {
				BuildIndependentTargetsInParallel = YES;
				LastUpgradeCheck = 2600;
			};
			buildConfigurationList = B0FAFF031AE447F4ABAC881C /* Build configuration list for PBXProject "markymark" */;
			buildSettings = {
			};
			buildStyles = (
				614EA684381540B4A533449B /* Debug */,
				C6B5012EDB6D4C7FAAE6D6DE /* Release */,
				7E4F0891E9514526A5A0A4FD /* MinSizeRel */,
				BA986B9FB35B45D596397A23 /* RelWithDebInfo */,
			);
			compatibilityVersion = "Xcode 3.2";
			hasScannedForEncodings = 0;
			mainGroup = 82607C11E2794112B12370A7;
			projectDirPath = "/Users/matty/projects/markymark-c";
			projectRoot = "";
			targets = (
				EF93432C9FE4F46FAEFD4D18 /* ALL_BUILD */,
				DEAF0B2DC53C6B1633F66416 /* markymark */,
				72A1CE4EA41DF77B2AC29237 /* mm_lib */,
				96C747C26BF333E445E1962F /* ZERO_CHECK */,
			);
		};
/* End PBXProject section */

/* Begin PBXShellScriptBuildPhase section */
		3C0110FC8322DE7E50886E21 = {
			isa = PBXShellScriptBuildPhase;
			buildActionMask = 2147483647;
			files = (
			);
			inputPaths = (
			);
			outputPaths = (
			);
			runOnlyForDeploymentPostprocessing = 0;
			shellPath = /bin/sh;
			shellScript = "# shell script goes here
exit 0";
			showEnvVarsInLog = 0;
		};
		4646F1DE2CF2F01DF3EA254E /* Generate CMakeFiles/ZERO_CHECK */ = {
			isa = PBXShellScriptBuildPhase;
			alwaysOutOfDate = 1;
			buildActionMask = 2147483647;
			files = (
			);
			inputPaths = (
			);
			name = "Generate CMakeFiles/ZERO_CHECK";
			outputPaths = (
"/Users/matty/projects/markymark-c/build-xcode/CMakeFiles/ZERO_CHECK"			);
			runOnlyForDeploymentPostprocessing = 0;
			shellPath = /bin/sh;
			shellScript = "set -e
if test \"$CONFIGURATION\" = \"Debug\"; then :
  cd /Users/matty/projects/markymark-c/build-xcode
  make -f /Users/matty/projects/markymark-c/build-xcode/CMakeScripts/ReRunCMake.make
fi
if test \"$CONFIGURATION\" = \"Release\"; then :
  cd /Users/matty/projects/markymark-c/build-xcode
  make -f /Users/matty/projects/markymark-c/build-xcode/CMakeScripts/ReRunCMake.make
fi
if test \"$CONFIGURATION\" = \"MinSizeRel\"; then :
  cd /Users/matty/projects/markymark-c/build-xcode
  make -f /Users/matty/projects/markymark-c/build-xcode/CMakeScripts/ReRunCMake.make
fi
if test \"$CONFIGURATION\" = \"RelWithDebInfo\"; then :
  cd /Users/matty/projects/markymark-c/build-xcode
  make -f /Users/matty/projects/markymark-c/build-xcode/CMakeScripts/ReRunCMake.make
fi
";
			showEnvVarsInLog = 0;
		};
		7536B1B17EE161279CAB740E /* Generate CMakeFiles/ALL_BUILD */ = {
			isa = PBXShellScriptBuildPhase;
			alwaysOutOfDate = 1;
			buildActionMask = 2147483647;
			files = (
			);
			inputPaths = (
			);
			name = "Generate CMakeFiles/ALL_BUILD";
			outputPaths = (
"/Users/matty/projects/markymark-c/build-xcode/CMakeFiles/ALL_BUILD"			);
			runOnlyForDeploymentPostprocessing = 0;
			shellPath = /bin/sh;
			shellScript = "set -e
if test \"$CONFIGURATION\" = \"Debug\"; then :
  cd /Users/matty/projects/markymark-c/build-xcode
  echo Build\\ all\\ projects
fi
if test \"$CONFIGURATION\" = \"Release\"; then :
  cd /Users/matty/projects/markymark-c/build-xcode
  echo Build\\ all\\ projects
fi
if test \"$CONFIGURATION\" = \"MinSizeRel\"; then :
  cd /Users/matty/projects/markymark-c/build-xcode
  echo Build\\ all\\ projects
fi
if test \"$CONFIGURATION\" = \"RelWithDebInfo\"; then :
  cd /Users/matty/projects/markymark-c/build-xcode
  echo Build\\ all\\ projects
fi
";
			showEnvVarsInLog = 0;
		};
		9B50530E35CC49C82C2FACCF = {
			isa = PBXShellScriptBuildPhase;
			buildActionMask = 2147483647;
			files = (
			);
			inputPaths = (
			);
			outputPaths = (
			);
			runOnlyForDeploymentPostprocessing = 0;
			shellPath = /bin/sh;
			shellScript = "# shell script goes here
exit 0";
			showEnvVarsInLog = 0;
		};
/* End PBXShellScriptBuildPhase section */

/* Begin PBXSourcesBuildPhase section */
		8F4757F303364514985B9A54 /* Sources */ = {
			isa = PBXSourcesBuildPhase;
			buildActionMask = 2147483647;
			files = (
				7C3B0F0F8D3D4B14978AF349 /* /Users/matty/projects/markymark-c/src/main.c */,
			);
			runOnlyForDeploymentPostprocessing = 0;
		};
		A842F78D5D464874BB4EB1CA /* Sources */ = {
			isa = PBXSourcesBuildPhase;
			buildActionMask = 2147483647;
			files = (
				EC091BBE43534034ACA92F21 /* /Users/matty/projects/markymark-c/src/line-processor.c */,
				B9AA861D39C84E0D854C5849 /* /Users/matty/projects/markymark-c/src/markup.c */,
				80070DC15D2E4BBAAAE8FD77 /* /Users/matty/projects/markymark-c/src/markymark.c */,
				B0795BF93A9D417D865DC8B6 /* /Users/matty/projects/markymark-c/src/parser.c */,
				535AE824E8A0472099017317 /* /Users/matty/projects/markymark-c/src/scanner.c */,
			);
			runOnlyForDeploymentPostprocessing = 0;
		};
/* End PBXSourcesBuildPhase section */

/* Begin PBXTargetDependency section */
		0B8260003B97493AA0ADF18E /* PBXTargetDependency */ = {
			isa = PBXTargetDependency;
			target = 72A1CE4EA41DF77B2AC29237 /* mm_lib */;
			targetProxy = 45FA40E257144603AB693CAA /* PBXContainerItemProxy */;
		};
		3ADB0656954047BA8B06C38F /* PBXTargetDependency */ = {
			isa = PBXTargetDependency;
			target = 96C747C26BF333E445E1962F /* ZERO_CHECK */;
			targetProxy = 1DF1B5E7D6FA4905B1C9B6A3 /* PBXContainerItemProxy */;
		};
		74977F791C78415F96423C6A /* PBXTargetDependency */ = {
			isa = PBXTargetDependency;
			target = 72A1CE4EA41DF77B2AC29237 /* mm_lib */;
			targetProxy = FFF50ACE8BD3499A80E8506D /* PBXContainerItemProxy */;
		};
		8F6EBDA9A1174CF0801F4620 /* PBXTargetDependency */ = {
			isa = PBXTargetDependency;
			target = 96C747C26BF333E445E1962F /* ZERO_CHECK */;
			targetProxy = E57DB0EDFB7E42D180BC1C6D /* PBXContainerItemProxy */;
		};
		A92704A772484DC3B25495E8 /* PBXTargetDependency */ = {
			isa = PBXTargetDependency;
			target = 96C747C26BF333E445E1962F /* ZERO_CHECK */;
			targetProxy = 1EA943E1ACBF404FA8D7026C /* PBXContainerItemProxy */;
		};
		F76E3223EB9145A99EFA9C34 /* PBXTargetDependency */ = {
			isa = PBXTargetDependency;
			target = DEAF0B2DC53C6B1633F66416 /* markymark */;
			targetProxy = 1E7CEEEAF4BF461E873CA1D4 /* PBXContainerItemProxy */;
		};
/* End PBXTargetDependency section */

/* Begin XCBuildConfiguration section */
		0C64B47D051544FF8D92ACC7 /* MinSizeRel */ = {
			isa = XCBuildConfiguration;
			buildSettings = {
				ALWAYS_SEARCH_USER_PATHS = NO;
				ARCHS = arm64;
				COMBINE_HIDPI_IMAGES = YES;
				CONFIGURATION_BUILD_DIR = "/Users/matty/projects/markymark-c/build-xcode/MinSizeRel";
				EXECUTABLE_PREFIX = "";
				EXECUTABLE_SUFFIX = "";
				GCC_GENERATE_DEBUGGING_SYMBOLS = YES;
				GCC_INLINES_ARE_PRIVATE_EXTERN = NO;
				GCC_OPTIMIZATION_LEVEL = s;
				GCC_PREPROCESSOR_DEFINITIONS = ("'CMAKE_INTDIR=\"$(CONFIGURATION)$(EFFECTIVE_PLATFORM_NAME)\"'","$(inherited)");
				GCC_SYMBOLS_PRIVATE_EXTERN = NO;
				HEADER_SEARCH_PATHS = ("/Users/matty/projects/markymark-c/include","$(inherited)");
				INSTALL_PATH = "";
				ONLY_ACTIVE_ARCH = NO;
				OTHER_CFLAGS = ("    -DNDEBUG '-std=gnu2x' -Wall -Wextra    ","$(inherited)");
				OTHER_LDFLAGS = (" -Wl,-search_paths_first -Wl,-headerpad_max_install_names","/Users/matty/projects/markymark-c/build-xcode/MinSizeRel/libmm_lib.a","$(inherited)");
				OTHER_REZFLAGS = "";
				PRODUCT_NAME = markymark;
				SECTORDER_FLAGS = "";
				TARGET_TEMP_DIR = "/Users/matty/projects/markymark-c/build-xcode/build/markymark.build/$(CONFIGURATION)$(EFFECTIVE_PLATFORM_NAME)";
				USE_HEADERMAP = NO;
				WARNING_CFLAGS = ("$(inherited)");
			};
			name = MinSizeRel;
		};
		1057D6B8504B41E5B34D3768 /* RelWithDebInfo */ = {
			isa = XCBuildConfiguration;
			buildSettings = {
				ALWAYS_SEARCH_USER_PATHS = NO;
				ARCHS = arm64;
				COMBINE_HIDPI_IMAGES = YES;
				GCC_GENERATE_DEBUGGING_SYMBOLS = YES;
				GCC_INLINES_ARE_PRIVATE_EXTERN = NO;
				GCC_OPTIMIZATION_LEVEL = 0;
				GCC_PREPROCESSOR_DEFINITIONS = ("'CMAKE_INTDIR=\"$(CONFIGURATION)$(EFFECTIVE_PLATFORM_NAME)\"'","$(inherited)");
				GCC_SYMBOLS_PRIVATE_EXTERN = NO;
				INSTALL_PATH = "";
				ONLY_ACTIVE_ARCH = NO;
				OTHER_LDFLAGS = ("","$(inherited)");
				OTHER_REZFLAGS = "";
				PRODUCT_NAME = ALL_BUILD;
				SECTORDER_FLAGS = "";
				USE_HEADERMAP = NO;
				WARNING_CFLAGS = ("$(inherited)");
			};
			name = RelWithDebInfo;
		};
		40294EAB5E1844C595269FC2 /* Release */ = {
			isa = XCBuildConfiguration;
			buildSettings = {
				ALWAYS_SEARCH_USER_PATHS = NO;
				ARCHS = arm64;
				COMBINE_HIDPI_IMAGES = YES;
				CONFIGURATION_BUILD_DIR = "/Users/matty/projects/markymark-c/build-xcode/Release";
				EXECUTABLE_PREFIX = lib;
				EXECUTABLE_SUFFIX = .a;
				GCC_GENERATE_DEBUGGING_SYMBOLS = NO;
				GCC_INLINES_ARE_PRIVATE_EXTERN = NO;
				GCC_OPTIMIZATION_LEVEL = 3;
				GCC_PREPROCESSOR_DEFINITIONS = ("'CMAKE_INTDIR=\"$(CONFIGURATION)$(EFFECTIVE_PLATFORM_NAME)\"'","$(inherited)");
				GCC_SYMBOLS_PRIVATE_EXTERN = NO;
				HEADER_SEARCH_PATHS = ("/Users/matty/projects/markymark-c/include","$(inherited)");
				INSTALL_PATH = "";
				LIBRARY_STYLE = STATIC;
				ONLY_ACTIVE_ARCH = NO;
				OTHER_CFLAGS = ("    -DNDEBUG '-std=gnu2x' ","$(inherited)");
				OTHER_LIBTOOLFLAGS = ("");
				OTHER_REZFLAGS = "";
				PRODUCT_NAME = mm_lib;
				SECTORDER_FLAGS = "";
				TARGET_TEMP_DIR = "/Users/matty/projects/markymark-c/build-xcode/build/mm_lib.build/$(CONFIGURATION)$(EFFECTIVE_PLATFORM_NAME)";
				USE_HEADERMAP = NO;
				WARNING_CFLAGS = ("$(inherited)");
			};
			name = Release;
		};
		454A1101142F49008A01690E /* RelWithDebInfo */ = {
			isa = XCBuildConfiguration;
			buildSettings = {
				ALWAYS_SEARCH_USER_PATHS = NO;
				ARCHS = arm64;
				COMBINE_HIDPI_IMAGES = YES;
				CONFIGURATION_BUILD_DIR = "/Users/matty/projects/markymark-c/build-xcode/RelWithDebInfo";
				EXECUTABLE_PREFIX = lib;
				EXECUTABLE_SUFFIX = .a;
				GCC_GENERATE_DEBUGGING_SYMBOLS = YES;
				GCC_INLINES_ARE_PRIVATE_EXTERN = NO;
				GCC_OPTIMIZATION_LEVEL = 2;
				GCC_PREPROCESSOR_DEFINITIONS = ("'CMAKE_INTDIR=\"$(CONFIGURATION)$(EFFECTIVE_PLATFORM_NAME)\"'","$(inherited)");
				GCC_SYMBOLS_PRIVATE_EXTERN = NO;
				HEADER_SEARCH_PATHS = ("/Users/matty/projects/markymark-c/include","$(inherited)");
				INSTALL_PATH = "";
				LIBRARY_STYLE = STATIC;
				ONLY_ACTIVE_ARCH = NO;
				OTHER_CFLAGS = ("       -DNDEBUG '-std=gnu2x' ","$(inherited)");
				OTHER_LIBTOOLFLAGS = ("");
				OTHER_REZFLAGS = "";
				PRODUCT_NAME = mm_lib;
				SECTORDER_FLAGS = "";
				TARGET_TEMP_DIR = "/Users/matty/projects/markymark-c/build-xcode/build/mm_lib.build/$(CONFIGURATION)$(EFFECTIVE_PLATFORM_NAME)";
				USE_HEADERMAP = NO;
				WARNING_CFLAGS = ("$(inherited)");
			};
			name = RelWithDebInfo;
		};
		47764FBC1DED4366BA3784E0 /* Debug */ = {
			isa = XCBuildConfiguration;
			buildSettings = {
				ARCHS = arm64;
				SDKROOT = "";
				SYMROOT = "/Users/matty/projects/markymark-c/build-xcode/build";
			};
			name = Debug;
		};
		5F4D11EFF7E048EFB6F8D7A6 /* Release */ = {
			isa = XCBuildConfiguration;
			buildSettings = {
				ALWAYS_SEARCH_USER_PATHS = NO;
				ARCHS = arm64;
				COMBINE_HIDPI_IMAGES = YES;
				CONFIGURATION_BUILD_DIR = "/Users/matty/projects/markymark-c/build-xcode/Release";
				EXECUTABLE_PREFIX = "";
				EXECUTABLE_SUFFIX = "";
				GCC_GENERATE_DEBUGGING_SYMBOLS = YES;
				GCC_INLINES_ARE_PRIVATE_EXTERN = NO;
				GCC_OPTIMIZATION_LEVEL = 3;
				GCC_PREPROCESSOR_DEFINITIONS = ("'CMAKE_INTDIR=\"$(CONFIGURATION)$(EFFECTIVE_PLATFORM_NAME)\"'","$(inherited)");
				GCC_SYMBOLS_PRIVATE_EXTERN = NO;
				HEADER_SEARCH_PATHS = ("/Users/matty/projects/markymark-c/include","$(inherited)");
				INSTALL_PATH = "";
				ONLY_ACTIVE_ARCH = NO;
				OTHER_CFLAGS = ("    -DNDEBUG '-std=gnu2x' -Wall -Wextra    ","$(inherited)");
				OTHER_LDFLAGS = (" -Wl,-search_paths_first -Wl,-headerpad_max_install_names","/Users/matty/projects/markymark-c/build-xcode/Release/libmm_lib.a","$(inherited)");
				OTHER_REZFLAGS = "";
				PRODUCT_NAME = markymark;
				SECTORDER_FLAGS = "";
				TARGET_TEMP_DIR = "/Users/matty/projects/markymark-c/build-xcode/build/markymark.build/$(CONFIGURATION)$(EFFECTIVE_PLATFORM_NAME)";
				USE_HEADERMAP = NO;
				WARNING_CFLAGS = ("$(inherited)");
			};
			name = Release;
		};
		61088A8BBE494F2C9E9E8671 /* Release */ = {
			isa = XCBuildConfiguration;
			buildSettings = {
				ALWAYS_SEARCH_USER_PATHS = NO;
				ARCHS = arm64;
				COMBINE_HIDPI_IMAGES = YES;
				GCC_GENERATE_DEBUGGING_SYMBOLS = YES;
				GCC_INLINES_ARE_PRIVATE_EXTERN = NO;
				GCC_OPTIMIZATION_LEVEL = 0;
				GCC_PREPROCESSOR_DEFINITIONS = ("'CMAKE_INTDIR=\"$(CONFIGURATION)$(EFFECTIVE_PLATFORM_NAME)\"'","$(inherited)");
				GCC_SYMBOLS_PRIVATE_EXTERN = NO;
				INSTALL_PATH = "";
				ONLY_ACTIVE_ARCH = NO;
				OTHER_LDFLAGS = ("","$(inherited)");
				OTHER_REZFLAGS = "";
				PRODUCT_NAME = ALL_BUILD;
				SECTORDER_FLAGS = "";
				USE_HEADERMAP = NO;
				WARNING_CFLAGS = ("$(inherited)");
			};
			name = Release;
		};
		6303C7976B4249118AAF70CE /* Debug */ = {
			isa = XCBuildConfiguration;
			buildSettings = {
				ALWAYS_SEARCH_USER_PATHS = NO;
				ARCHS = arm64;
				COMBINE_HIDPI_IMAGES = YES;
				GCC_GENERATE_DEBUGGING_SYMBOLS = YES;
				GCC_INLINES_ARE_PRIVATE_EXTERN = NO;
				GCC_OPTIMIZATION_LEVEL = 0;
				GCC_PREPROCESSOR_DEFINITIONS = ("'CMAKE_INTDIR=\"$(CONFIGURATION)$(EFFECTIVE_PLATFORM_NAME)\"'","$(inherited)");
				GCC_SYMBOLS_PRIVATE_EXTERN = NO;
				INSTALL_PATH = "";
				ONLY_ACTIVE_ARCH = NO;
				OTHER_LDFLAGS = ("","$(inherited)");
				OTHER_REZFLAGS = "";
				PRODUCT_NAME = ALL_BUILD;
				SECTORDER_FLAGS = "";
				USE_HEADERMAP = NO;
				WARNING_CFLAGS = ("$(inherited)");
			};
			name = Debug;
		};
		64EE3B9990DE44B48D1496D6 /* Debug */ = {
			isa = XCBuildConfiguration;
			buildSettings = {
				ALWAYS_SEARCH_USER_PATHS = NO;
				ARCHS = arm64;
				COMBINE_HIDPI_IMAGES = YES;
				CONFIGURATION_BUILD_DIR = "/Users/matty/projects/markymark-c/build-xcode/Debug";
				EXECUTABLE_PREFIX = lib;
				EXECUTABLE_SUFFIX = .a;
				GCC_GENERATE_DEBUGGING_SYMBOLS = YES;
				GCC_INLINES_ARE_PRIVATE_EXTERN = NO;
				GCC_OPTIMIZATION_LEVEL = 0;
				GCC_PREPROCESSOR_DEFINITIONS = ("'CMAKE_INTDIR=\"$(CONFIGURATION)$(EFFECTIVE_PLATFORM_NAME)\"'","$(inherited)");
				GCC_SYMBOLS_PRIVATE_EXTERN = NO;
				HEADER_SEARCH_PATHS = ("/Users/matty/projects/markymark-c/include","$(inherited)");
				INSTALL_PATH = "";
				LIBRARY_STYLE = STATIC;
				ONLY_ACTIVE_ARCH = NO;
				OTHER_CFLAGS = ("   '-std=gnu2x' ","$(inherited)");
				OTHER_LIBTOOLFLAGS = ("");
				OTHER_REZFLAGS = "";
				PRODUCT_NAME = mm_lib;
				SECTORDER_FLAGS = "";
				TARGET_TEMP_DIR = "/Users/matty/projects/markymark-c/build-xcode/build/mm_lib.build/$(CONFIGURATION)$(EFFECTIVE_PLATFORM_NAME)";
				USE_HEADERMAP = NO;
				WARNING_CFLAGS = ("$(inherited)");
			};
			name = Debug;
		};
		780BB7B1F5DC4A00B780CD77 /* RelWithDebInfo */ = {
			isa = XCBuildConfiguration;
			buildSettings = {
				ALWAYS_SEARCH_USER_PATHS = NO;
				ARCHS = arm64;
				COMBINE_HIDPI_IMAGES = YES;
				CONFIGURATION_BUILD_DIR = "/Users/matty/projects/markymark-c/build-xcode/RelWithDebInfo";
				EXECUTABLE_PREFIX = "";
				EXECUTABLE_SUFFIX = "";
				GCC_GENERATE_DEBUGGING_SYMBOLS = YES;
				GCC_INLINES_ARE_PRIVATE_EXTERN = NO;
				GCC_OPTIMIZATION_LEVEL = 2;
				GCC_PREPROCESSOR_DEFINITIONS = ("'CMAKE_INTDIR=\"$(CONFIGURATION)$(EFFECTIVE_PLATFORM_NAME)\"'","$(inherited)");
				GCC_SYMBOLS_PRIVATE_EXTERN = NO;
				HEADER_SEARCH_PATHS = ("/Users/matty/projects/markymark-c/include","$(inherited)");
				INSTALL_PATH = "";
				ONLY_ACTIVE_ARCH = NO;
				OTHER_CFLAGS = ("       -DNDEBUG '-std=gnu2x' -Wall -Wextra    ","$(inherited)");
				OTHER_LDFLAGS = (" -Wl,-search_paths_first -Wl,-headerpad_max_install_names","/Users/matty/projects/markymark-c/build-xcode/RelWithDebInfo/libmm_lib.a","$(inherited)");
				OTHER_REZFLAGS = "";
				PRODUCT_NAME = markymark;
				SECTORDER_FLAGS = "";
				TARGET_TEMP_DIR = "/Users/matty/projects/markymark-c/build-xcode/build/markymark.build/$(CONFIGURATION)$(EFFECTIVE_PLATFORM_NAME)";
				USE_HEADERMAP = NO;
				WARNING_CFLAGS = ("$(inherited)");
			};
			name = RelWithDebInfo;
		};
		7D75A14821CE4C058DDB7825 /* MinSizeRel */ = {
			isa = XCBuildConfiguration;
			buildSettings = {
				ALWAYS_SEARCH_USER_PATHS = NO;
				ARCHS = arm64;
				COMBINE_HIDPI_IMAGES = YES;
				CONFIGURATION_BUILD_DIR = "/Users/matty/projects/markymark-c/build-xcode/MinSizeRel";
				EXECUTABLE_PREFIX = lib;
				EXECUTABLE_SUFFIX = .a;
				GCC_GENERATE_DEBUGGING_SYMBOLS = NO;
				GCC_INLINES_ARE_PRIVATE_EXTERN = NO;
				GCC_OPTIMIZATION_LEVEL = s;
				GCC_PREPROCESSOR_DEFINITIONS = ("'CMAKE_INTDIR=\"$(CONFIGURATION)$(EFFECTIVE_PLATFORM_NAME)\"'","$(inherited)");
				GCC_SYMBOLS_PRIVATE_EXTERN = NO;
				HEADER_SEARCH_PATHS = ("/Users/matty/projects/markymark-c/include","$(inherited)");
				INSTALL_PATH = "";
				LIBRARY_STYLE = STATIC;
				ONLY_ACTIVE_ARCH = NO;
				OTHER_CFLAGS = ("    -DNDEBUG '-std=gnu2x' ","$(inherited)");
				OTHER_LIBTOOLFLAGS = ("");
				OTHER_REZFLAGS = "";
				PRODUCT_NAME = mm_lib;
				SECTORDER_FLAGS = "";
				TARGET_TEMP_DIR = "/Users/matty/projects/markymark-c/build-xcode/build/mm_lib.build/$(CONFIGURATION)$(EFFECTIVE_PLATFORM_NAME)";
				USE_HEADERMAP = NO;
				WARNING_CFLAGS = ("$(inherited)");
			};
			name = MinSizeRel;
		};
		9134C96B00874EBF9BCEF9B0 /* Debug */ = {
			isa = XCBuildConfiguration;
			buildSettings = {
				ALWAYS_SEARCH_USER_PATHS = NO;
				ARCHS = arm64;
				COMBINE_HIDPI_IMAGES = YES;
				CONFIGURATION_BUILD_DIR = "/Users/matty/projects/markymark-c/build-xcode/Debug";
				EXECUTABLE_PREFIX = "";
				EXECUTABLE_SUFFIX = "";
				GCC_GENERATE_DEBUGGING_SYMBOLS = YES;
				GCC_INLINES_ARE_PRIVATE_EXTERN = NO;
				GCC_OPTIMIZATION_LEVEL = 0;
				GCC_PREPROCESSOR_DEFINITIONS = ("'CMAKE_INTDIR=\"$(CONFIGURATION)$(EFFECTIVE_PLATFORM_NAME)\"'","$(inherited)");
				GCC_SYMBOLS_PRIVATE_EXTERN = NO;
				HEADER_SEARCH_PATHS = ("/Users/matty/projects/markymark-c/include","$(inherited)");
				INSTALL_PATH = "";
				ONLY_ACTIVE_ARCH = NO;
				OTHER_CFLAGS = ("   '-std=gnu2x' -Wall -Wextra    ","$(inherited)");
				OTHER_LDFLAGS = (" -Wl,-search_paths_first -Wl,-headerpad_max_install_names","/Users/matty/projects/markymark-c/build-xcode/Debug/libmm_lib.a","$(inherited)");
				OTHER_REZFLAGS = "";
				PRODUCT_NAME = markymark;
				SECTORDER_FLAGS = "";
				TARGET_TEMP_DIR = "/Users/matty/projects/markymark-c/build-xcode/build/markymark.build/$(CONFIGURATION)$(EFFECTIVE_PLATFORM_NAME)";
				USE_HEADERMAP = NO;
				WARNING_CFLAGS = ("$(inherited)");
			};
			name = Debug;
		};
		9D312D097FCE4472A6106175 /* MinSizeRel */ = {
			isa = XCBuildConfiguration;
			buildSettings = {
				ALWAYS_SEARCH_USER_PATHS = NO;
				ARCHS = arm64;
				COMBINE_HIDPI_IMAGES = YES;
				GCC_GENERATE_DEBUGGING_SYMBOLS = YES;
				GCC_INLINES_ARE_PRIVATE_EXTERN = NO;
				GCC_OPTIMIZATION_LEVEL = 0;
				GCC_PREPROCESSOR_DEFINITIONS = ("'CMAKE_INTDIR=\"$(CONFIGURATION)$(EFFECTIVE_PLATFORM_NAME)\"'","$(inherited)");
				GCC_SYMBOLS_PRIVATE_EXTERN = NO;
				INSTALL_PATH = "";
				ONLY_ACTIVE_ARCH = NO;
				OTHER_LDFLAGS = ("","$(inherited)");
				OTHER_REZFLAGS = "";
				PRODUCT_NAME = ZERO_CHECK;
				SECTORDER_FLAGS = "";
				USE_HEADERMAP = NO;
				WARNING_CFLAGS = ("$(inherited)");
			};
			name = MinSizeRel;
		};
		B2B949A96F7E4720BFC51BB0 /* Release */ = {
			isa = XCBuildConfiguration;
			buildSettings = {
				ALWAYS_SEARCH_USER_PATHS = NO;
				ARCHS = arm64;
				COMBINE_HIDPI_IMAGES = YES;
				GCC_GENERATE_DEBUGGING_SYMBOLS = YES;
				GCC_INLINES_ARE_PRIVATE_EXTERN = NO;
				GCC_OPTIMIZATION_LEVEL = 0;
				GCC_PREPROCESSOR_DEFINITIONS = ("'CMAKE_INTDIR=\"$(CONFIGURATION)$(EFFECTIVE_PLATFORM_NAME)\"'","$(inherited)");
				GCC_SYMBOLS_PRIVATE_EXTERN = NO;
				INSTALL_PATH = "";
				ONLY_ACTIVE_ARCH = NO;
				OTHER_LDFLAGS = ("","$(inherited)");
				OTHER_REZFLAGS = "";
				PRODUCT_NAME = ZERO_CHECK;
				SECTORDER_FLAGS = "";
				USE_HEADERMAP = NO;
				WARNING_CFLAGS = ("$(inherited)");
			};
			name = Release;
		};
		B75DF85B1D8E42FEB22E3DBF /* Debug */ = {
			isa = XCBuildConfiguration;
			buildSettings = {
				ALWAYS_SEARCH_USER_PATHS = NO;
				ARCHS = arm64;
				COMBINE_HIDPI_IMAGES = YES;
				GCC_GENERATE_DEBUGGING_SYMBOLS = YES;
				GCC_INLINES_ARE_PRIVATE_EXTERN = NO;
				GCC_OPTIMIZATION_LEVEL = 0;
				GCC_PREPROCESSOR_DEFINITIONS = ("'CMAKE_INTDIR=\"$(CONFIGURATION)$(EFFECTIVE_PLATFORM_NAME)\"'","$(inherited)");
				GCC_SYMBOLS_PRIVATE_EXTERN = NO;
				INSTALL_PATH = "";
				ONLY_ACTIVE_ARCH = NO;
				OTHER_LDFLAGS = ("","$(inherited)");
				OTHER_REZFLAGS = "";
				PRODUCT_NAME = ZERO_CHECK;
				SECTORDER_FLAGS = "";
				USE_HEADERMAP = NO;
				WARNING_CFLAGS = ("$(inherited)");
			};
			name = Debug;
		};
		C2A5336AD08D4596B41B4BF1 /* RelWithDebInfo */ = {
			isa = XCBuildConfiguration;
			buildSettings = {
				ARCHS = arm64;
				SDKROOT = "";
				SWIFT_COMPILATION_MODE = wholemodule;
				SYMROOT = "/Users/matty/projects/markymark-c/build-xcode/build";
			};
			name = RelWithDebInfo;
		};
		C949B615BFAC466589472783 /* RelWithDebInfo */ = {
			isa = XCBuildConfiguration;
			buildSettings = {
				ALWAYS_SEARCH_USER_PATHS = NO;
				ARCHS = arm64;
				COMBINE_HIDPI_IMAGES = YES;
				GCC_GENERATE_DEBUGGING_SYMBOLS = YES;
				GCC_INLINES_ARE_PRIVATE_EXTERN = NO;
				GCC_OPTIMIZATION_LEVEL = 0;
				GCC_PREPROCESSOR_DEFINITIONS = ("'CMAKE_INTDIR=\"$(CONFIGURATION)$(EFFECTIVE_PLATFORM_NAME)\"'","$(inherited)");
				GCC_SYMBOLS_PRIVATE_EXTERN = NO;
				INSTALL_PATH = "";
				ONLY_ACTIVE_ARCH = NO;
				OTHER_LDFLAGS = ("","$(inherited)");
				OTHER_REZFLAGS = "";
				PRODUCT_NAME = ZERO_CHECK;
				SECTORDER_FLAGS = "";
				USE_HEADERMAP = NO;
				WARNING_CFLAGS = ("$(inherited)");
			};
			name = RelWithDebInfo;
		};
		D0F40B86F3474945B908D82D /* MinSizeRel */ = {
			isa = XCBuildConfiguration;
			buildSettings = {
				ALWAYS_SEARCH_USER_PATHS = NO;
				ARCHS = arm64;
				COMBINE_HIDPI_IMAGES = YES;
				GCC_GENERATE_DEBUGGING_SYMBOLS = YES;
				GCC_INLINES_ARE_PRIVATE_EXTERN = NO;
				GCC_OPTIMIZATION_LEVEL = 0;
				GCC_PREPROCESSOR_DEFINITIONS = ("'CMAKE_INTDIR=\"$(CONFIGURATION)$(EFFECTIVE_PLATFORM_NAME)\"'","$(inherited)");
				GCC_SYMBOLS_PRIVATE_EXTERN = NO;
				INSTALL_PATH = "";
				ONLY_ACTIVE_ARCH = NO;
				OTHER_LDFLAGS = ("","$(inherited)");
				OTHER_REZFLAGS = "";
				PRODUCT_NAME = ALL_BUILD;
				SECTORDER_FLAGS = "";
				USE_HEADERMAP = NO;
				WARNING_CFLAGS = ("$(inherited)");
			};
			name = MinSizeRel;
		};
		D25B3BCC867A4A6F864BD6A1 /* Release */ = {
			isa = XCBuildConfiguration;
			buildSettings = {
				ARCHS = arm64;
				SDKROOT = "";
				SWIFT_COMPILATION_MODE = wholemodule;
				SYMROOT = "/Users/matty/projects/markymark-c/build-xcode/build";
			};
			name = Release;
		};
		E2F3DCDF07D34C15B745E251 /* MinSizeRel */ = {
			isa = XCBuildConfiguration;
			buildSettings = {
				ARCHS = arm64;
				SDKROOT = "";
				SWIFT_COMPILATION_MODE = wholemodule;
				SYMROOT = "/Users/matty/projects/markymark-c/build-xcode/build";
			};
			name = MinSizeRel;
		};
/* End XCBuildConfiguration section */

/* Begin XCConfigurationList section */
		106C5A85FEE942EBA2CC8E64 /* Build configuration list for PBXNativeTarget "markymark" */ = {
			isa = XCConfigurationList;
			buildConfigurations = (
				9134C96B00874EBF9BCEF9B0 /* Debug */,
				5F4D11EFF7E048EFB6F8D7A6 /* Release */,
				0C64B47D051544FF8D92ACC7 /* MinSizeRel */,
				780BB7B1F5DC4A00B780CD77 /* RelWithDebInfo */,
			);
			defaultConfigurationIsVisible = 0;
			defaultConfigurationName = Debug;
		};
		A80421E84B7F4AF48359E513 /* Build configuration list for PBXAggregateTarget "ALL_BUILD" */ = {
			isa = XCConfigurationList;
			buildConfigurations = (
				6303C7976B4249118AAF70CE /* Debug */,
				61088A8BBE494F2C9E9E8671 /* Release */,
				D0F40B86F3474945B908D82D /* MinSizeRel */,
				1057D6B8504B41E5B34D3768 /* RelWithDebInfo */,
			);
			defaultConfigurationIsVisible = 0;
			defaultConfigurationName = Debug;
		};
		B0FAFF031AE447F4ABAC881C /* Build configuration list for PBXProject "markymark" */ = {
			isa = XCConfigurationList;
			buildConfigurations = (
				47764FBC1DED4366BA3784E0 /* Debug */,
				D25B3BCC867A4A6F864BD6A1 /* Release */,
				E2F3DCDF07D34C15B745E251 /* MinSizeRel */,
				C2A5336AD08D4596B41B4BF1 /* RelWithDebInfo */,
			);
			defaultConfigurationIsVisible = 0;
			defaultConfigurationName = Debug;
		};
		DA4D3451B4204BBF94ECC679 /* Build configuration list for PBXAggregateTarget "ZERO_CHECK" */ = {
			isa = XCConfigurationList;
			buildConfigurations = (
				B75DF85B1D8E42FEB22E3DBF /* Debug */,
				B2B949A96F7E4720BFC51BB0 /* Release */,
				9D312D097FCE4472A6106175 /* MinSizeRel */,
				C949B615BFAC466589472783 /* RelWithDebInfo */,
			);
			defaultConfigurationIsVisible = 0;
			defaultConfigurationName = Debug;
		};
		E918BDCBF3B645DAAA010908 /* Build configuration list for PBXNativeTarget "mm_lib" */ = {
			isa = XCConfigurationList;
			buildConfigurations = (
				64EE3B9990DE44B48D1496D6 /* Debug */,
				40294EAB5E1844C595269FC2 /* Release */,
				7D75A14821CE4C058DDB7825 /* MinSizeRel */,
				454A1101142F49008A01690E /* RelWithDebInfo */,
			);
			defaultConfigurationIsVisible = 0;
			defaultConfigurationName = Debug;
		};
/* End XCConfigurationList section */
	};
	rootObject = BFD2960D0AD64B95B1602B8F /* Project object */;
}
